
Microsoft Visual Studio Solution File, Format Version 12.00
# Visual Studio Version 16
VisualStudioVersion = 16.0.30204.135
MinimumVisualStudioVersion = 10.0.40219.1
Project("{888888A0-9F3D-457C-B088-3A5042F75D52}") = "PythonCrashCourse", "PythonCrashCourse\PythonCrashCourse.pyproj", "{296C2AEF-E07B-4F48-9EAB-4E32A83EC48B}"
EndProject
Global
	GlobalSection(SolutionConfigurationPlatforms) = preSolution
		Debug|Any CPU = Debug|Any CPU
		Release|Any CPU = Release|Any CPU
	EndGlobalSection
	GlobalSection(ProjectConfigurationPlatforms) = postSolution
		{296C2AEF-E07B-4F48-9EAB-4E32A83EC48B}.Debug|Any CPU.ActiveCfg = Debug|Any CPU
		{296C2AEF-E07B-4F48-9EAB-4E32A83EC48B}.Release|Any CPU.ActiveCfg = Release|Any CPU
	EndGlobalSection
	GlobalSection(SolutionProperties) = preSolution
		HideSolutionNode = FALSE
	EndGlobalSection
	GlobalSection(ExtensibilityGlobals) = postSolution
		SolutionGuid = {4312143B-1A63-41F1-8BC2-92C8006EF295}
	EndGlobalSection
EndGlobal
